
Microsoft Visual Studio Solution File, Format Version 12.00
# Visual Studio Version 16
VisualStudioVersion = 16.0.29613.14
MinimumVisualStudioVersion = 15.0.26124.0
Project("{2150E333-8FDC-42A3-9474-1A3956D46DE8}") = "Services", "Services", "{39ED2AF1-105E-44EE-887D-5328725920F6}"
EndProject
Project("{2150E333-8FDC-42A3-9474-1A3956D46DE8}") = "WebApps", "WebApps", "{883D517D-1EB7-4711-B5DE-AFFB4D5BD6FC}"
EndProject
Project("{2150E333-8FDC-42A3-9474-1A3956D46DE8}") = "Cadastros", "Cadastros", "{14047F5C-03DC-4F40-AF25-54AC94321AC7}"
EndProject
Project("{2150E333-8FDC-42A3-9474-1A3956D46DE8}") = "Catalogo", "Catalogo", "{2D0BACF4-6E05-415B-9F63-4E0DF16423D8}"
EndProject
Project("{2150E333-8FDC-42A3-9474-1A3956D46DE8}") = "Core", "Core", "{981AC17B-9345-49C5-99F8-D6111EF6D4B5}"
EndProject
Project("{2150E333-8FDC-42A3-9474-1A3956D46DE8}") = "Fiscal", "Fiscal", "{577E2BEB-7D17-483F-9584-543F2EEDB885}"
EndProject
Project("{2150E333-8FDC-42A3-9474-1A3956D46DE8}") = "Pagamentos", "Pagamentos", "{249CAF4A-EB9E-4C70-A4C3-37FB40432D22}"
EndProject
Project("{2150E333-8FDC-42A3-9474-1A3956D46DE8}") = "Vendas", "Vendas", "{B40AFC85-0C9E-404D-9CDF-A01AD6B318A0}"
EndProject
Project("{9A19103F-16F7-4668-BE54-9A1E7A4F7556}") = "NerdStore.Catalogo.Domain", "src\NerdStore.Catalogo.Domain\NerdStore.Catalogo.Domain.csproj", "{0A7F65AD-09A7-478F-A243-75927B49B95E}"
EndProject
Project("{9A19103F-16F7-4668-BE54-9A1E7A4F7556}") = "NerdStore.Core", "src\NerdStore.Core\NerdStore.Core.csproj", "{6A4FE583-3047-4595-8DC7-CC49D6B3E2A9}"
EndProject
Project("{2150E333-8FDC-42A3-9474-1A3956D46DE8}") = "Tests", "Tests", "{9C415AF5-66A4-482A-B26B-B53951168980}"
EndProject
Project("{9A19103F-16F7-4668-BE54-9A1E7A4F7556}") = "NerdStore.Catalogo.Domain.Tests", "test\NerdStore.Catalogo.Domain.Tests\NerdStore.Catalogo.Domain.Tests.csproj", "{CBA466B2-63E8-4B91-8779-BE10422B9E6B}"
EndProject
Project("{9A19103F-16F7-4668-BE54-9A1E7A4F7556}") = "NerdStore.Catalogo.Data", "src\NerdStore.Catalogo.Data\NerdStore.Catalogo.Data.csproj", "{8EE307D7-7145-473A-90B0-C0C26CE54B29}"
EndProject
Project("{9A19103F-16F7-4668-BE54-9A1E7A4F7556}") = "NerdStore.Catalogo.Application", "src\NerdStore.Catalogo.Application\NerdStore.Catalogo.Application.csproj", "{F5076F8E-3E06-4716-877D-61B4D43EDC2B}"
EndProject
Project("{9A19103F-16F7-4668-BE54-9A1E7A4F7556}") = "NerdStore.WebApp.Mvc", "src\NerdStore.WebApp.Mvc\NerdStore.WebApp.Mvc.csproj", "{55A099A0-C0ED-4FFE-AE4D-D53EE5E162AB}"
EndProject
Project("{FAE04EC0-301F-11D3-BF4B-00C04F79EFBC}") = "NerdStore.Vendas.Domain", "src\NerdStore.Vendas.Domain\NerdStore.Vendas.Domain.csproj", "{36AE4D1C-D77F-4A0E-9F17-466DC1EB3A1D}"
EndProject
Project("{FAE04EC0-301F-11D3-BF4B-00C04F79EFBC}") = "NerdStore.Vendas.Application", "src\NerdStore.Vendas.Application\NerdStore.Vendas.Application.csproj", "{DEC7E8A6-6667-40E6-9791-179953E9C372}"
EndProject
Project("{FAE04EC0-301F-11D3-BF4B-00C04F79EFBC}") = "NerdStore.Vendas.Data", "src\NerdStore.Vendas.Data\NerdStore.Vendas.Data.csproj", "{78ACA9DA-2EDF-4531-9C7D-FB876A7956E4}"
EndProject
Global
	GlobalSection(SolutionConfigurationPlatforms) = preSolution
		Debug|Any CPU = Debug|Any CPU
		Debug|x64 = Debug|x64
		Debug|x86 = Debug|x86
		Release|Any CPU = Release|Any CPU
		Release|x64 = Release|x64
		Release|x86 = Release|x86
	EndGlobalSection
	GlobalSection(ProjectConfigurationPlatforms) = postSolution
		{0A7F65AD-09A7-478F-A243-75927B49B95E}.Debug|Any CPU.ActiveCfg = Debug|Any CPU
		{0A7F65AD-09A7-478F-A243-75927B49B95E}.Debug|Any CPU.Build.0 = Debug|Any CPU
		{0A7F65AD-09A7-478F-A243-75927B49B95E}.Debug|x64.ActiveCfg = Debug|Any CPU
		{0A7F65AD-09A7-478F-A243-75927B49B95E}.Debug|x64.Build.0 = Debug|Any CPU
		{0A7F65AD-09A7-478F-A243-75927B49B95E}.Debug|x86.ActiveCfg = Debug|Any CPU
		{0A7F65AD-09A7-478F-A243-75927B49B95E}.Debug|x86.Build.0 = Debug|Any CPU
		{0A7F65AD-09A7-478F-A243-75927B49B95E}.Release|Any CPU.ActiveCfg = Release|Any CPU
		{0A7F65AD-09A7-478F-A243-75927B49B95E}.Release|Any CPU.Build.0 = Release|Any CPU
		{0A7F65AD-09A7-478F-A243-75927B49B95E}.Release|x64.ActiveCfg = Release|Any CPU
		{0A7F65AD-09A7-478F-A243-75927B49B95E}.Release|x64.Build.0 = Release|Any CPU
		{0A7F65AD-09A7-478F-A243-75927B49B95E}.Release|x86.ActiveCfg = Release|Any CPU
		{0A7F65AD-09A7-478F-A243-75927B49B95E}.Release|x86.Build.0 = Release|Any CPU
		{6A4FE583-3047-4595-8DC7-CC49D6B3E2A9}.Debug|Any CPU.ActiveCfg = Debug|Any CPU
		{6A4FE583-3047-4595-8DC7-CC49D6B3E2A9}.Debug|Any CPU.Build.0 = Debug|Any CPU
		{6A4FE583-3047-4595-8DC7-CC49D6B3E2A9}.Debug|x64.ActiveCfg = Debug|Any CPU
		{6A4FE583-3047-4595-8DC7-CC49D6B3E2A9}.Debug|x64.Build.0 = Debug|Any CPU
		{6A4FE583-3047-4595-8DC7-CC49D6B3E2A9}.Debug|x86.ActiveCfg = Debug|Any CPU
		{6A4FE583-3047-4595-8DC7-CC49D6B3E2A9}.Debug|x86.Build.0 = Debug|Any CPU
		{6A4FE583-3047-4595-8DC7-CC49D6B3E2A9}.Release|Any CPU.ActiveCfg = Release|Any CPU
		{6A4FE583-3047-4595-8DC7-CC49D6B3E2A9}.Release|Any CPU.Build.0 = Release|Any CPU
		{6A4FE583-3047-4595-8DC7-CC49D6B3E2A9}.Release|x64.ActiveCfg = Release|Any CPU
		{6A4FE583-3047-4595-8DC7-CC49D6B3E2A9}.Release|x64.Build.0 = Release|Any CPU
		{6A4FE583-3047-4595-8DC7-CC49D6B3E2A9}.Release|x86.ActiveCfg = Release|Any CPU
		{6A4FE583-3047-4595-8DC7-CC49D6B3E2A9}.Release|x86.Build.0 = Release|Any CPU
		{CBA466B2-63E8-4B91-8779-BE10422B9E6B}.Debug|Any CPU.ActiveCfg = Debug|Any CPU
		{CBA466B2-63E8-4B91-8779-BE10422B9E6B}.Debug|Any CPU.Build.0 = Debug|Any CPU
		{CBA466B2-63E8-4B91-8779-BE10422B9E6B}.Debug|x64.ActiveCfg = Debug|Any CPU
		{CBA466B2-63E8-4B91-8779-BE10422B9E6B}.Debug|x64.Build.0 = Debug|Any CPU
		{CBA466B2-63E8-4B91-8779-BE10422B9E6B}.Debug|x86.ActiveCfg = Debug|Any CPU
		{CBA466B2-63E8-4B91-8779-BE10422B9E6B}.Debug|x86.Build.0 = Debug|Any CPU
		{CBA466B2-63E8-4B91-8779-BE10422B9E6B}.Release|Any CPU.ActiveCfg = Release|Any CPU
		{CBA466B2-63E8-4B91-8779-BE10422B9E6B}.Release|Any CPU.Build.0 = Release|Any CPU
		{CBA466B2-63E8-4B91-8779-BE10422B9E6B}.Release|x64.ActiveCfg = Release|Any CPU
		{CBA466B2-63E8-4B91-8779-BE10422B9E6B}.Release|x64.Build.0 = Release|Any CPU
		{CBA466B2-63E8-4B91-8779-BE10422B9E6B}.Release|x86.ActiveCfg = Release|Any CPU
		{CBA466B2-63E8-4B91-8779-BE10422B9E6B}.Release|x86.Build.0 = Release|Any CPU
		{8EE307D7-7145-473A-90B0-C0C26CE54B29}.Debug|Any CPU.ActiveCfg = Debug|Any CPU
		{8EE307D7-7145-473A-90B0-C0C26CE54B29}.Debug|Any CPU.Build.0 = Debug|Any CPU
		{8EE307D7-7145-473A-90B0-C0C26CE54B29}.Debug|x64.ActiveCfg = Debug|Any CPU
		{8EE307D7-7145-473A-90B0-C0C26CE54B29}.Debug|x64.Build.0 = Debug|Any CPU
		{8EE307D7-7145-473A-90B0-C0C26CE54B29}.Debug|x86.ActiveCfg = Debug|Any CPU
		{8EE307D7-7145-473A-90B0-C0C26CE54B29}.Debug|x86.Build.0 = Debug|Any CPU
		{8EE307D7-7145-473A-90B0-C0C26CE54B29}.Release|Any CPU.ActiveCfg = Release|Any CPU
		{8EE307D7-7145-473A-90B0-C0C26CE54B29}.Release|Any CPU.Build.0 = Release|Any CPU
		{8EE307D7-7145-473A-90B0-C0C26CE54B29}.Release|x64.ActiveCfg = Release|Any CPU
		{8EE307D7-7145-473A-90B0-C0C26CE54B29}.Release|x64.Build.0 = Release|Any CPU
		{8EE307D7-7145-473A-90B0-C0C26CE54B29}.Release|x86.ActiveCfg = Release|Any CPU
		{8EE307D7-7145-473A-90B0-C0C26CE54B29}.Release|x86.Build.0 = Release|Any CPU
		{F5076F8E-3E06-4716-877D-61B4D43EDC2B}.Debug|Any CPU.ActiveCfg = Debug|Any CPU
		{F5076F8E-3E06-4716-877D-61B4D43EDC2B}.Debug|Any CPU.Build.0 = Debug|Any CPU
		{F5076F8E-3E06-4716-877D-61B4D43EDC2B}.Debug|x64.ActiveCfg = Debug|Any CPU
		{F5076F8E-3E06-4716-877D-61B4D43EDC2B}.Debug|x64.Build.0 = Debug|Any CPU
		{F5076F8E-3E06-4716-877D-61B4D43EDC2B}.Debug|x86.ActiveCfg = Debug|Any CPU
		{F5076F8E-3E06-4716-877D-61B4D43EDC2B}.Debug|x86.Build.0 = Debug|Any CPU
		{F5076F8E-3E06-4716-877D-61B4D43EDC2B}.Release|Any CPU.ActiveCfg = Release|Any CPU
		{F5076F8E-3E06-4716-877D-61B4D43EDC2B}.Release|Any CPU.Build.0 = Release|Any CPU
		{F5076F8E-3E06-4716-877D-61B4D43EDC2B}.Release|x64.ActiveCfg = Release|Any CPU
		{F5076F8E-3E06-4716-877D-61B4D43EDC2B}.Release|x64.Build.0 = Release|Any CPU
		{F5076F8E-3E06-4716-877D-61B4D43EDC2B}.Release|x86.ActiveCfg = Release|Any CPU
		{F5076F8E-3E06-4716-877D-61B4D43EDC2B}.Release|x86.Build.0 = Release|Any CPU
		{55A099A0-C0ED-4FFE-AE4D-D53EE5E162AB}.Debug|Any CPU.ActiveCfg = Debug|Any CPU
		{55A099A0-C0ED-4FFE-AE4D-D53EE5E162AB}.Debug|Any CPU.Build.0 = Debug|Any CPU
		{55A099A0-C0ED-4FFE-AE4D-D53EE5E162AB}.Debug|x64.ActiveCfg = Debug|Any CPU
		{55A099A0-C0ED-4FFE-AE4D-D53EE5E162AB}.Debug|x64.Build.0 = Debug|Any CPU
		{55A099A0-C0ED-4FFE-AE4D-D53EE5E162AB}.Debug|x86.ActiveCfg = Debug|Any CPU
		{55A099A0-C0ED-4FFE-AE4D-D53EE5E162AB}.Debug|x86.Build.0 = Debug|Any CPU
		{55A099A0-C0ED-4FFE-AE4D-D53EE5E162AB}.Release|Any CPU.ActiveCfg = Release|Any CPU
		{55A099A0-C0ED-4FFE-AE4D-D53EE5E162AB}.Release|Any CPU.Build.0 = Release|Any CPU
		{55A099A0-C0ED-4FFE-AE4D-D53EE5E162AB}.Release|x64.ActiveCfg = Release|Any CPU
		{55A099A0-C0ED-4FFE-AE4D-D53EE5E162AB}.Release|x64.Build.0 = Release|Any CPU
		{55A099A0-C0ED-4FFE-AE4D-D53EE5E162AB}.Release|x86.ActiveCfg = Release|Any CPU
		{55A099A0-C0ED-4FFE-AE4D-D53EE5E162AB}.Release|x86.Build.0 = Release|Any CPU
		{36AE4D1C-D77F-4A0E-9F17-466DC1EB3A1D}.Debug|Any CPU.ActiveCfg = Debug|Any CPU
		{36AE4D1C-D77F-4A0E-9F17-466DC1EB3A1D}.Debug|Any CPU.Build.0 = Debug|Any CPU
		{36AE4D1C-D77F-4A0E-9F17-466DC1EB3A1D}.Debug|x64.ActiveCfg = Debug|Any CPU
		{36AE4D1C-D77F-4A0E-9F17-466DC1EB3A1D}.Debug|x64.Build.0 = Debug|Any CPU
		{36AE4D1C-D77F-4A0E-9F17-466DC1EB3A1D}.Debug|x86.ActiveCfg = Debug|Any CPU
		{36AE4D1C-D77F-4A0E-9F17-466DC1EB3A1D}.Debug|x86.Build.0 = Debug|Any CPU
		{36AE4D1C-D77F-4A0E-9F17-466DC1EB3A1D}.Release|Any CPU.ActiveCfg = Release|Any CPU
		{36AE4D1C-D77F-4A0E-9F17-466DC1EB3A1D}.Release|Any CPU.Build.0 = Release|Any CPU
		{36AE4D1C-D77F-4A0E-9F17-466DC1EB3A1D}.Release|x64.ActiveCfg = Release|Any CPU
		{36AE4D1C-D77F-4A0E-9F17-466DC1EB3A1D}.Release|x64.Build.0 = Release|Any CPU
		{36AE4D1C-D77F-4A0E-9F17-466DC1EB3A1D}.Release|x86.ActiveCfg = Release|Any CPU
		{36AE4D1C-D77F-4A0E-9F17-466DC1EB3A1D}.Release|x86.Build.0 = Release|Any CPU
		{DEC7E8A6-6667-40E6-9791-179953E9C372}.Debug|Any CPU.ActiveCfg = Debug|Any CPU
		{DEC7E8A6-6667-40E6-9791-179953E9C372}.Debug|Any CPU.Build.0 = Debug|Any CPU
		{DEC7E8A6-6667-40E6-9791-179953E9C372}.Debug|x64.ActiveCfg = Debug|Any CPU
		{DEC7E8A6-6667-40E6-9791-179953E9C372}.Debug|x64.Build.0 = Debug|Any CPU
		{DEC7E8A6-6667-40E6-9791-179953E9C372}.Debug|x86.ActiveCfg = Debug|Any CPU
		{DEC7E8A6-6667-40E6-9791-179953E9C372}.Debug|x86.Build.0 = Debug|Any CPU
		{DEC7E8A6-6667-40E6-9791-179953E9C372}.Release|Any CPU.ActiveCfg = Release|Any CPU
		{DEC7E8A6-6667-40E6-9791-179953E9C372}.Release|Any CPU.Build.0 = Release|Any CPU
		{DEC7E8A6-6667-40E6-9791-179953E9C372}.Release|x64.ActiveCfg = Release|Any CPU
		{DEC7E8A6-6667-40E6-9791-179953E9C372}.Release|x64.Build.0 = Release|Any CPU
		{DEC7E8A6-6667-40E6-9791-179953E9C372}.Release|x86.ActiveCfg = Release|Any CPU
		{DEC7E8A6-6667-40E6-9791-179953E9C372}.Release|x86.Build.0 = Release|Any CPU
		{78ACA9DA-2EDF-4531-9C7D-FB876A7956E4}.Debug|Any CPU.ActiveCfg = Debug|Any CPU
		{78ACA9DA-2EDF-4531-9C7D-FB876A7956E4}.Debug|Any CPU.Build.0 = Debug|Any CPU
		{78ACA9DA-2EDF-4531-9C7D-FB876A7956E4}.Debug|x64.ActiveCfg = Debug|Any CPU
		{78ACA9DA-2EDF-4531-9C7D-FB876A7956E4}.Debug|x64.Build.0 = Debug|Any CPU
		{78ACA9DA-2EDF-4531-9C7D-FB876A7956E4}.Debug|x86.ActiveCfg = Debug|Any CPU
		{78ACA9DA-2EDF-4531-9C7D-FB876A7956E4}.Debug|x86.Build.0 = Debug|Any CPU
		{78ACA9DA-2EDF-4531-9C7D-FB876A7956E4}.Release|Any CPU.ActiveCfg = Release|Any CPU
		{78ACA9DA-2EDF-4531-9C7D-FB876A7956E4}.Release|Any CPU.Build.0 = Release|Any CPU
		{78ACA9DA-2EDF-4531-9C7D-FB876A7956E4}.Release|x64.ActiveCfg = Release|Any CPU
		{78ACA9DA-2EDF-4531-9C7D-FB876A7956E4}.Release|x64.Build.0 = Release|Any CPU
		{78ACA9DA-2EDF-4531-9C7D-FB876A7956E4}.Release|x86.ActiveCfg = Release|Any CPU
		{78ACA9DA-2EDF-4531-9C7D-FB876A7956E4}.Release|x86.Build.0 = Release|Any CPU
	EndGlobalSection
	GlobalSection(SolutionProperties) = preSolution
		HideSolutionNode = FALSE
	EndGlobalSection
	GlobalSection(NestedProjects) = preSolution
		{14047F5C-03DC-4F40-AF25-54AC94321AC7} = {39ED2AF1-105E-44EE-887D-5328725920F6}
		{2D0BACF4-6E05-415B-9F63-4E0DF16423D8} = {39ED2AF1-105E-44EE-887D-5328725920F6}
		{981AC17B-9345-49C5-99F8-D6111EF6D4B5} = {39ED2AF1-105E-44EE-887D-5328725920F6}
		{577E2BEB-7D17-483F-9584-543F2EEDB885} = {39ED2AF1-105E-44EE-887D-5328725920F6}
		{249CAF4A-EB9E-4C70-A4C3-37FB40432D22} = {39ED2AF1-105E-44EE-887D-5328725920F6}
		{B40AFC85-0C9E-404D-9CDF-A01AD6B318A0} = {39ED2AF1-105E-44EE-887D-5328725920F6}
		{0A7F65AD-09A7-478F-A243-75927B49B95E} = {2D0BACF4-6E05-415B-9F63-4E0DF16423D8}
		{6A4FE583-3047-4595-8DC7-CC49D6B3E2A9} = {981AC17B-9345-49C5-99F8-D6111EF6D4B5}
		{9C415AF5-66A4-482A-B26B-B53951168980} = {2D0BACF4-6E05-415B-9F63-4E0DF16423D8}
		{CBA466B2-63E8-4B91-8779-BE10422B9E6B} = {9C415AF5-66A4-482A-B26B-B53951168980}
		{8EE307D7-7145-473A-90B0-C0C26CE54B29} = {2D0BACF4-6E05-415B-9F63-4E0DF16423D8}
		{F5076F8E-3E06-4716-877D-61B4D43EDC2B} = {2D0BACF4-6E05-415B-9F63-4E0DF16423D8}
		{55A099A0-C0ED-4FFE-AE4D-D53EE5E162AB} = {883D517D-1EB7-4711-B5DE-AFFB4D5BD6FC}
		{36AE4D1C-D77F-4A0E-9F17-466DC1EB3A1D} = {B40AFC85-0C9E-404D-9CDF-A01AD6B318A0}
		{DEC7E8A6-6667-40E6-9791-179953E9C372} = {B40AFC85-0C9E-404D-9CDF-A01AD6B318A0}
		{78ACA9DA-2EDF-4531-9C7D-FB876A7956E4} = {B40AFC85-0C9E-404D-9CDF-A01AD6B318A0}
	EndGlobalSection
	GlobalSection(ExtensibilityGlobals) = postSolution
		SolutionGuid = {BC1109E4-9BF6-4F74-AEFE-33CC521BBD2E}
	EndGlobalSection
EndGlobal
